// !$*UTF8*$!
{
	archiveVersion = 1;
	classes = {
	};
	objectVersion = 48;
	objects = {

/* Begin PBXBuildFile section */
		1F1A76F81FEBA194003437FD /* main.swift in Sources */ = {isa = PBXBuildFile; fileRef = 1F1A76F71FEBA194003437FD /* main.swift */; };
		1F1A76FD1FEBA1CD003437FD /* BinarySearchTree.swift in Sources */ = {isa = PBXBuildFile; fileRef = 1F1A76FC1FEBA1CD003437FD /* BinarySearchTree.swift */; };
		1F1D94551FE11228005C302B /* main.swift in Sources */ = {isa = PBXBuildFile; fileRef = 1F1D94541FE11228005C302B /* main.swift */; };
		1F1D94601FE11C70005C302B /* main.swift in Sources */ = {isa = PBXBuildFile; fileRef = 1F1D945F1FE11C70005C302B /* main.swift */; };
		1F27BE471FA7561A00D64F09 /* main.swift in Sources */ = {isa = PBXBuildFile; fileRef = 1F27BE461FA7561A00D64F09 /* main.swift */; };
		1F3F8AAA1FA85BBC00C42513 /* main.swift in Sources */ = {isa = PBXBuildFile; fileRef = 1F3F8AA91FA85BBC00C42513 /* main.swift */; };
		1F3F8AFC1FA8703700C42513 /* main.swift in Sources */ = {isa = PBXBuildFile; fileRef = 1F3F8AFB1FA8703700C42513 /* main.swift */; };
		1F3F8B011FA8704600C42513 /* Node.swift in Sources */ = {isa = PBXBuildFile; fileRef = 1F3F8B001FA8704600C42513 /* Node.swift */; };
		1F3F8B031FA891FD00C42513 /* BinarySearchTree.swift in Sources */ = {isa = PBXBuildFile; fileRef = 1F3F8B021FA891FD00C42513 /* BinarySearchTree.swift */; };
		1F4DA67C206296D900155722 /* main.swift in Sources */ = {isa = PBXBuildFile; fileRef = 1F4DA67B206296D900155722 /* main.swift */; };
		1F4DA6812062973300155722 /* Stack.swift in Sources */ = {isa = PBXBuildFile; fileRef = 1F4DA6802062973300155722 /* Stack.swift */; };
		1F8C16402063DD0700EFF1E1 /* main.swift in Sources */ = {isa = PBXBuildFile; fileRef = 1F8C163F2063DD0700EFF1E1 /* main.swift */; };
		1F8C16452063DD1100EFF1E1 /* Queue.swift in Sources */ = {isa = PBXBuildFile; fileRef = 1F8C16442063DD1100EFF1E1 /* Queue.swift */; };
		1F9990ED1FDFFE8E00191775 /* main.swift in Sources */ = {isa = PBXBuildFile; fileRef = 1F9990EC1FDFFE8E00191775 /* main.swift */; };
		1F9990F21FDFFE9D00191775 /* Stack.swift in Sources */ = {isa = PBXBuildFile; fileRef = 1F9990F11FDFFE9D00191775 /* Stack.swift */; };
		1F9990FA1FE0020D00191775 /* main.swift in Sources */ = {isa = PBXBuildFile; fileRef = 1F9990F91FE0020D00191775 /* main.swift */; };
		1F9990FF1FE0021A00191775 /* Queue.swift in Sources */ = {isa = PBXBuildFile; fileRef = 1F9990FE1FE0021A00191775 /* Queue.swift */; };
		1F9991071FE009C500191775 /* main.swift in Sources */ = {isa = PBXBuildFile; fileRef = 1F9991061FE009C500191775 /* main.swift */; };
		1FABBEEE1F9DD66600F18754 /* main.swift in Sources */ = {isa = PBXBuildFile; fileRef = 1FABBEED1F9DD66600F18754 /* main.swift */; };
		1FABBEF31F9DD67C00F18754 /* QueueSimple.swift in Sources */ = {isa = PBXBuildFile; fileRef = 1FABBEF21F9DD67C00F18754 /* QueueSimple.swift */; };
		1FD532F01F7A8F5800A92F9B /* main.swift in Sources */ = {isa = PBXBuildFile; fileRef = 1FD532EF1F7A8F5800A92F9B /* main.swift */; };
		1FD532F71F7A922000A92F9B /* Stack.swift in Sources */ = {isa = PBXBuildFile; fileRef = 1FD532F61F7A922000A92F9B /* Stack.swift */; };
/* End PBXBuildFile section */

/* Begin PBXCopyFilesBuildPhase section */
		1F1A76F31FEBA194003437FD /* CopyFiles */ = {
			isa = PBXCopyFilesBuildPhase;
			buildActionMask = 2147483647;
			dstPath = /usr/share/man/man1/;
			dstSubfolderSpec = 0;
			files = (
			);
			runOnlyForDeploymentPostprocessing = 1;
		};
		1F1D94501FE11228005C302B /* CopyFiles */ = {
			isa = PBXCopyFilesBuildPhase;
			buildActionMask = 2147483647;
			dstPath = /usr/share/man/man1/;
			dstSubfolderSpec = 0;
			files = (
			);
			runOnlyForDeploymentPostprocessing = 1;
		};
		1F1D945B1FE11C70005C302B /* CopyFiles */ = {
			isa = PBXCopyFilesBuildPhase;
			buildActionMask = 2147483647;
			dstPath = /usr/share/man/man1/;
			dstSubfolderSpec = 0;
			files = (
			);
			runOnlyForDeploymentPostprocessing = 1;
		};
		1F27BE421FA7561A00D64F09 /* CopyFiles */ = {
			isa = PBXCopyFilesBuildPhase;
			buildActionMask = 2147483647;
			dstPath = /usr/share/man/man1/;
			dstSubfolderSpec = 0;
			files = (
			);
			runOnlyForDeploymentPostprocessing = 1;
		};
		1F3F8AA51FA85BBC00C42513 /* CopyFiles */ = {
			isa = PBXCopyFilesBuildPhase;
			buildActionMask = 2147483647;
			dstPath = /usr/share/man/man1/;
			dstSubfolderSpec = 0;
			files = (
			);
			runOnlyForDeploymentPostprocessing = 1;
		};
		1F3F8AF71FA8703700C42513 /* CopyFiles */ = {
			isa = PBXCopyFilesBuildPhase;
			buildActionMask = 2147483647;
			dstPath = /usr/share/man/man1/;
			dstSubfolderSpec = 0;
			files = (
			);
			runOnlyForDeploymentPostprocessing = 1;
		};
		1F4DA677206296D900155722 /* CopyFiles */ = {
			isa = PBXCopyFilesBuildPhase;
			buildActionMask = 2147483647;
			dstPath = /usr/share/man/man1/;
			dstSubfolderSpec = 0;
			files = (
			);
			runOnlyForDeploymentPostprocessing = 1;
		};
		1F8C163B2063DD0700EFF1E1 /* CopyFiles */ = {
			isa = PBXCopyFilesBuildPhase;
			buildActionMask = 2147483647;
			dstPath = /usr/share/man/man1/;
			dstSubfolderSpec = 0;
			files = (
			);
			runOnlyForDeploymentPostprocessing = 1;
		};
		1F9990E81FDFFE8E00191775 /* CopyFiles */ = {
			isa = PBXCopyFilesBuildPhase;
			buildActionMask = 2147483647;
			dstPath = /usr/share/man/man1/;
			dstSubfolderSpec = 0;
			files = (
			);
			runOnlyForDeploymentPostprocessing = 1;
		};
		1F9990F51FE0020D00191775 /* CopyFiles */ = {
			isa = PBXCopyFilesBuildPhase;
			buildActionMask = 2147483647;
			dstPath = /usr/share/man/man1/;
			dstSubfolderSpec = 0;
			files = (
			);
			runOnlyForDeploymentPostprocessing = 1;
		};
		1F9991021FE009C500191775 /* CopyFiles */ = {
			isa = PBXCopyFilesBuildPhase;
			buildActionMask = 2147483647;
			dstPath = /usr/share/man/man1/;
			dstSubfolderSpec = 0;
			files = (
			);
			runOnlyForDeploymentPostprocessing = 1;
		};
		1FABBEE91F9DD66600F18754 /* CopyFiles */ = {
			isa = PBXCopyFilesBuildPhase;
			buildActionMask = 2147483647;
			dstPath = /usr/share/man/man1/;
			dstSubfolderSpec = 0;
			files = (
			);
			runOnlyForDeploymentPostprocessing = 1;
		};
		1FD532EA1F7A8F5800A92F9B /* CopyFiles */ = {
			isa = PBXCopyFilesBuildPhase;
			buildActionMask = 2147483647;
			dstPath = /usr/share/man/man1/;
			dstSubfolderSpec = 0;
			files = (
			);
			runOnlyForDeploymentPostprocessing = 1;
		};
/* End PBXCopyFilesBuildPhase section */

/* Begin PBXFileReference section */
		1F1A76F51FEBA194003437FD /* BinarySearchTreeTwo */ = {isa = PBXFileReference; explicitFileType = "compiled.mach-o.executable"; includeInIndex = 0; path = BinarySearchTreeTwo; sourceTree = BUILT_PRODUCTS_DIR; };
		1F1A76F71FEBA194003437FD /* main.swift */ = {isa = PBXFileReference; lastKnownFileType = sourcecode.swift; path = main.swift; sourceTree = "<group>"; };
		1F1A76FC1FEBA1CD003437FD /* BinarySearchTree.swift */ = {isa = PBXFileReference; lastKnownFileType = sourcecode.swift; path = BinarySearchTree.swift; sourceTree = "<group>"; };
		1F1D94521FE11228005C302B /* BinarySearchTwo */ = {isa = PBXFileReference; explicitFileType = "compiled.mach-o.executable"; includeInIndex = 0; path = BinarySearchTwo; sourceTree = BUILT_PRODUCTS_DIR; };
		1F1D94541FE11228005C302B /* main.swift */ = {isa = PBXFileReference; lastKnownFileType = sourcecode.swift; path = main.swift; sourceTree = "<group>"; };
		1F1D945D1FE11C70005C302B /* TreeTwo */ = {isa = PBXFileReference; explicitFileType = "compiled.mach-o.executable"; includeInIndex = 0; path = TreeTwo; sourceTree = BUILT_PRODUCTS_DIR; };
		1F1D945F1FE11C70005C302B /* main.swift */ = {isa = PBXFileReference; lastKnownFileType = sourcecode.swift; path = main.swift; sourceTree = "<group>"; };
		1F27BE441FA7561A00D64F09 /* insertionSort */ = {isa = PBXFileReference; explicitFileType = "compiled.mach-o.executable"; includeInIndex = 0; path = insertionSort; sourceTree = BUILT_PRODUCTS_DIR; };
		1F27BE461FA7561A00D64F09 /* main.swift */ = {isa = PBXFileReference; lastKnownFileType = sourcecode.swift; path = main.swift; sourceTree = "<group>"; };
		1F3F8AA71FA85BBC00C42513 /* BinarySort */ = {isa = PBXFileReference; explicitFileType = "compiled.mach-o.executable"; includeInIndex = 0; path = BinarySort; sourceTree = BUILT_PRODUCTS_DIR; };
		1F3F8AA91FA85BBC00C42513 /* main.swift */ = {isa = PBXFileReference; lastKnownFileType = sourcecode.swift; path = main.swift; sourceTree = "<group>"; };
		1F3F8AF91FA8703700C42513 /* BinarySearchTree */ = {isa = PBXFileReference; explicitFileType = "compiled.mach-o.executable"; includeInIndex = 0; path = BinarySearchTree; sourceTree = BUILT_PRODUCTS_DIR; };
		1F3F8AFB1FA8703700C42513 /* main.swift */ = {isa = PBXFileReference; lastKnownFileType = sourcecode.swift; path = main.swift; sourceTree = "<group>"; };
		1F3F8B001FA8704600C42513 /* Node.swift */ = {isa = PBXFileReference; lastKnownFileType = sourcecode.swift; path = Node.swift; sourceTree = "<group>"; };
		1F3F8B021FA891FD00C42513 /* BinarySearchTree.swift */ = {isa = PBXFileReference; lastKnownFileType = sourcecode.swift; path = BinarySearchTree.swift; sourceTree = "<group>"; };
		1F4DA679206296D900155722 /* StackFour */ = {isa = PBXFileReference; explicitFileType = "compiled.mach-o.executable"; includeInIndex = 0; path = StackFour; sourceTree = BUILT_PRODUCTS_DIR; };
		1F4DA67B206296D900155722 /* main.swift */ = {isa = PBXFileReference; lastKnownFileType = sourcecode.swift; path = main.swift; sourceTree = "<group>"; };
		1F4DA6802062973300155722 /* Stack.swift */ = {isa = PBXFileReference; lastKnownFileType = sourcecode.swift; path = Stack.swift; sourceTree = "<group>"; };
		1F8C163D2063DD0700EFF1E1 /* QueueFour */ = {isa = PBXFileReference; explicitFileType = "compiled.mach-o.executable"; includeInIndex = 0; path = QueueFour; sourceTree = BUILT_PRODUCTS_DIR; };
		1F8C163F2063DD0700EFF1E1 /* main.swift */ = {isa = PBXFileReference; lastKnownFileType = sourcecode.swift; path = main.swift; sourceTree = "<group>"; };
		1F8C16442063DD1100EFF1E1 /* Queue.swift */ = {isa = PBXFileReference; lastKnownFileType = sourcecode.swift; path = Queue.swift; sourceTree = "<group>"; };
		1F9990EA1FDFFE8E00191775 /* StackTwo */ = {isa = PBXFileReference; explicitFileType = "compiled.mach-o.executable"; includeInIndex = 0; path = StackTwo; sourceTree = BUILT_PRODUCTS_DIR; };
		1F9990EC1FDFFE8E00191775 /* main.swift */ = {isa = PBXFileReference; lastKnownFileType = sourcecode.swift; path = main.swift; sourceTree = "<group>"; };
		1F9990F11FDFFE9D00191775 /* Stack.swift */ = {isa = PBXFileReference; lastKnownFileType = sourcecode.swift; path = Stack.swift; sourceTree = "<group>"; };
		1F9990F71FE0020D00191775 /* QueueTwo */ = {isa = PBXFileReference; explicitFileType = "compiled.mach-o.executable"; includeInIndex = 0; path = QueueTwo; sourceTree = BUILT_PRODUCTS_DIR; };
		1F9990F91FE0020D00191775 /* main.swift */ = {isa = PBXFileReference; lastKnownFileType = sourcecode.swift; path = main.swift; sourceTree = "<group>"; };
		1F9990FE1FE0021A00191775 /* Queue.swift */ = {isa = PBXFileReference; lastKnownFileType = sourcecode.swift; path = Queue.swift; sourceTree = "<group>"; };
		1F9991041FE009C500191775 /* SortTwo */ = {isa = PBXFileReference; explicitFileType = "compiled.mach-o.executable"; includeInIndex = 0; path = SortTwo; sourceTree = BUILT_PRODUCTS_DIR; };
		1F9991061FE009C500191775 /* main.swift */ = {isa = PBXFileReference; lastKnownFileType = sourcecode.swift; path = main.swift; sourceTree = "<group>"; };
		1FABBEEB1F9DD66600F18754 /* Queue */ = {isa = PBXFileReference; explicitFileType = "compiled.mach-o.executable"; includeInIndex = 0; path = Queue; sourceTree = BUILT_PRODUCTS_DIR; };
		1FABBEED1F9DD66600F18754 /* main.swift */ = {isa = PBXFileReference; lastKnownFileType = sourcecode.swift; path = main.swift; sourceTree = "<group>"; };
		1FABBEF21F9DD67C00F18754 /* QueueSimple.swift */ = {isa = PBXFileReference; lastKnownFileType = sourcecode.swift; path = QueueSimple.swift; sourceTree = "<group>"; };
		1FD532EC1F7A8F5800A92F9B /* swift-algorithm-practice */ = {isa = PBXFileReference; explicitFileType = "compiled.mach-o.executable"; includeInIndex = 0; path = "swift-algorithm-practice"; sourceTree = BUILT_PRODUCTS_DIR; };
		1FD532EF1F7A8F5800A92F9B /* main.swift */ = {isa = PBXFileReference; lastKnownFileType = sourcecode.swift; path = main.swift; sourceTree = "<group>"; };
		1FD532F61F7A922000A92F9B /* Stack.swift */ = {isa = PBXFileReference; lastKnownFileType = sourcecode.swift; path = Stack.swift; sourceTree = "<group>"; };
/* End PBXFileReference section */

/* Begin PBXFrameworksBuildPhase section */
		1F1A76F21FEBA194003437FD /* Frameworks */ = {
			isa = PBXFrameworksBuildPhase;
			buildActionMask = 2147483647;
			files = (
			);
			runOnlyForDeploymentPostprocessing = 0;
		};
		1F1D944F1FE11228005C302B /* Frameworks */ = {
			isa = PBXFrameworksBuildPhase;
			buildActionMask = 2147483647;
			files = (
			);
			runOnlyForDeploymentPostprocessing = 0;
		};
		1F1D945A1FE11C70005C302B /* Frameworks */ = {
			isa = PBXFrameworksBuildPhase;
			buildActionMask = 2147483647;
			files = (
			);
			runOnlyForDeploymentPostprocessing = 0;
		};
		1F27BE411FA7561A00D64F09 /* Frameworks */ = {
			isa = PBXFrameworksBuildPhase;
			buildActionMask = 2147483647;
			files = (
			);
			runOnlyForDeploymentPostprocessing = 0;
		};
		1F3F8AA41FA85BBC00C42513 /* Frameworks */ = {
			isa = PBXFrameworksBuildPhase;
			buildActionMask = 2147483647;
			files = (
			);
			runOnlyForDeploymentPostprocessing = 0;
		};
		1F3F8AF61FA8703700C42513 /* Frameworks */ = {
			isa = PBXFrameworksBuildPhase;
			buildActionMask = 2147483647;
			files = (
			);
			runOnlyForDeploymentPostprocessing = 0;
		};
		1F4DA676206296D900155722 /* Frameworks */ = {
			isa = PBXFrameworksBuildPhase;
			buildActionMask = 2147483647;
			files = (
			);
			runOnlyForDeploymentPostprocessing = 0;
		};
		1F8C163A2063DD0700EFF1E1 /* Frameworks */ = {
			isa = PBXFrameworksBuildPhase;
			buildActionMask = 2147483647;
			files = (
			);
			runOnlyForDeploymentPostprocessing = 0;
		};
		1F9990E71FDFFE8E00191775 /* Frameworks */ = {
			isa = PBXFrameworksBuildPhase;
			buildActionMask = 2147483647;
			files = (
			);
			runOnlyForDeploymentPostprocessing = 0;
		};
		1F9990F41FE0020D00191775 /* Frameworks */ = {
			isa = PBXFrameworksBuildPhase;
			buildActionMask = 2147483647;
			files = (
			);
			runOnlyForDeploymentPostprocessing = 0;
		};
		1F9991011FE009C500191775 /* Frameworks */ = {
			isa = PBXFrameworksBuildPhase;
			buildActionMask = 2147483647;
			files = (
			);
			runOnlyForDeploymentPostprocessing = 0;
		};
		1FABBEE81F9DD66600F18754 /* Frameworks */ = {
			isa = PBXFrameworksBuildPhase;
			buildActionMask = 2147483647;
			files = (
			);
			runOnlyForDeploymentPostprocessing = 0;
		};
		1FD532E91F7A8F5800A92F9B /* Frameworks */ = {
			isa = PBXFrameworksBuildPhase;
			buildActionMask = 2147483647;
			files = (
			);
			runOnlyForDeploymentPostprocessing = 0;
		};
/* End PBXFrameworksBuildPhase section */

/* Begin PBXGroup section */
		1F1A76F61FEBA194003437FD /* BinarySearchTreeTwo */ = {
			isa = PBXGroup;
			children = (
				1F1A76F71FEBA194003437FD /* main.swift */,
				1F1A76FC1FEBA1CD003437FD /* BinarySearchTree.swift */,
			);
			path = BinarySearchTreeTwo;
			sourceTree = "<group>";
		};
		1F1D94531FE11228005C302B /* BinarySearchTwo */ = {
			isa = PBXGroup;
			children = (
				1F1D94541FE11228005C302B /* main.swift */,
			);
			path = BinarySearchTwo;
			sourceTree = "<group>";
		};
		1F1D945E1FE11C70005C302B /* TreeTwo */ = {
			isa = PBXGroup;
			children = (
				1F1D945F1FE11C70005C302B /* main.swift */,
			);
			path = TreeTwo;
			sourceTree = "<group>";
		};
		1F27BE451FA7561A00D64F09 /* insertionSort */ = {
			isa = PBXGroup;
			children = (
				1F27BE461FA7561A00D64F09 /* main.swift */,
			);
			path = insertionSort;
			sourceTree = "<group>";
		};
		1F3F8AA81FA85BBC00C42513 /* BinarySort */ = {
			isa = PBXGroup;
			children = (
				1F3F8AA91FA85BBC00C42513 /* main.swift */,
			);
			path = BinarySort;
			sourceTree = "<group>";
		};
		1F3F8AFA1FA8703700C42513 /* BinarySearchTree */ = {
			isa = PBXGroup;
			children = (
				1F3F8AFB1FA8703700C42513 /* main.swift */,
				1F3F8B001FA8704600C42513 /* Node.swift */,
				1F3F8B021FA891FD00C42513 /* BinarySearchTree.swift */,
			);
			path = BinarySearchTree;
			sourceTree = "<group>";
		};
		1F4DA67A206296D900155722 /* StackFour */ = {
			isa = PBXGroup;
			children = (
				1F4DA67B206296D900155722 /* main.swift */,
				1F4DA6802062973300155722 /* Stack.swift */,
			);
			path = StackFour;
			sourceTree = "<group>";
		};
		1F8C163E2063DD0700EFF1E1 /* QueueFour */ = {
			isa = PBXGroup;
			children = (
				1F8C163F2063DD0700EFF1E1 /* main.swift */,
				1F8C16442063DD1100EFF1E1 /* Queue.swift */,
			);
			path = QueueFour;
			sourceTree = "<group>";
		};
		1F9990EB1FDFFE8E00191775 /* StackTwo */ = {
			isa = PBXGroup;
			children = (
				1F9990EC1FDFFE8E00191775 /* main.swift */,
				1F9990F11FDFFE9D00191775 /* Stack.swift */,
			);
			path = StackTwo;
			sourceTree = "<group>";
		};
		1F9990F81FE0020D00191775 /* QueueTwo */ = {
			isa = PBXGroup;
			children = (
				1F9990F91FE0020D00191775 /* main.swift */,
				1F9990FE1FE0021A00191775 /* Queue.swift */,
			);
			path = QueueTwo;
			sourceTree = "<group>";
		};
		1F9991051FE009C500191775 /* SortTwo */ = {
			isa = PBXGroup;
			children = (
				1F9991061FE009C500191775 /* main.swift */,
			);
			path = SortTwo;
			sourceTree = "<group>";
		};
		1FABBEEC1F9DD66600F18754 /* Queue */ = {
			isa = PBXGroup;
			children = (
				1FABBEED1F9DD66600F18754 /* main.swift */,
				1FABBEF21F9DD67C00F18754 /* QueueSimple.swift */,
			);
			path = Queue;
			sourceTree = "<group>";
		};
		1FD532E31F7A8F5800A92F9B = {
			isa = PBXGroup;
			children = (
				1FD532EE1F7A8F5800A92F9B /* swift-algorithm-practice */,
				1FABBEEC1F9DD66600F18754 /* Queue */,
				1F27BE451FA7561A00D64F09 /* insertionSort */,
				1F3F8AA81FA85BBC00C42513 /* BinarySort */,
				1F3F8AFA1FA8703700C42513 /* BinarySearchTree */,
				1F9990EB1FDFFE8E00191775 /* StackTwo */,
				1F9990F81FE0020D00191775 /* QueueTwo */,
				1F9991051FE009C500191775 /* SortTwo */,
				1F1D94531FE11228005C302B /* BinarySearchTwo */,
				1F1D945E1FE11C70005C302B /* TreeTwo */,
				1F1A76F61FEBA194003437FD /* BinarySearchTreeTwo */,
				1F4DA67A206296D900155722 /* StackFour */,
				1F8C163E2063DD0700EFF1E1 /* QueueFour */,
				1FD532ED1F7A8F5800A92F9B /* Products */,
			);
			sourceTree = "<group>";
		};
		1FD532ED1F7A8F5800A92F9B /* Products */ = {
			isa = PBXGroup;
			children = (
				1FD532EC1F7A8F5800A92F9B /* swift-algorithm-practice */,
				1FABBEEB1F9DD66600F18754 /* Queue */,
				1F27BE441FA7561A00D64F09 /* insertionSort */,
				1F3F8AA71FA85BBC00C42513 /* BinarySort */,
				1F3F8AF91FA8703700C42513 /* BinarySearchTree */,
				1F9990EA1FDFFE8E00191775 /* StackTwo */,
				1F9990F71FE0020D00191775 /* QueueTwo */,
				1F9991041FE009C500191775 /* SortTwo */,
				1F1D94521FE11228005C302B /* BinarySearchTwo */,
				1F1D945D1FE11C70005C302B /* TreeTwo */,
				1F1A76F51FEBA194003437FD /* BinarySearchTreeTwo */,
				1F4DA679206296D900155722 /* StackFour */,
				1F8C163D2063DD0700EFF1E1 /* QueueFour */,
			);
			name = Products;
			sourceTree = "<group>";
		};
		1FD532EE1F7A8F5800A92F9B /* swift-algorithm-practice */ = {
			isa = PBXGroup;
			children = (
				1FD532EF1F7A8F5800A92F9B /* main.swift */,
				1FD532F61F7A922000A92F9B /* Stack.swift */,
			);
			path = "swift-algorithm-practice";
			sourceTree = "<group>";
		};
/* End PBXGroup section */

/* Begin PBXNativeTarget section */
		1F1A76F41FEBA194003437FD /* BinarySearchTreeTwo */ = {
			isa = PBXNativeTarget;
			buildConfigurationList = 1F1A76F91FEBA194003437FD /* Build configuration list for PBXNativeTarget "BinarySearchTreeTwo" */;
			buildPhases = (
				1F1A76F11FEBA194003437FD /* Sources */,
				1F1A76F21FEBA194003437FD /* Frameworks */,
				1F1A76F31FEBA194003437FD /* CopyFiles */,
			);
			buildRules = (
			);
			dependencies = (
			);
			name = BinarySearchTreeTwo;
			productName = BinarySearchTreeTwo;
			productReference = 1F1A76F51FEBA194003437FD /* BinarySearchTreeTwo */;
			productType = "com.apple.product-type.tool";
		};
		1F1D94511FE11228005C302B /* BinarySearchTwo */ = {
			isa = PBXNativeTarget;
			buildConfigurationList = 1F1D94581FE11228005C302B /* Build configuration list for PBXNativeTarget "BinarySearchTwo" */;
			buildPhases = (
				1F1D944E1FE11228005C302B /* Sources */,
				1F1D944F1FE11228005C302B /* Frameworks */,
				1F1D94501FE11228005C302B /* CopyFiles */,
			);
			buildRules = (
			);
			dependencies = (
			);
			name = BinarySearchTwo;
			productName = BinarySearchTwo;
			productReference = 1F1D94521FE11228005C302B /* BinarySearchTwo */;
			productType = "com.apple.product-type.tool";
		};
		1F1D945C1FE11C70005C302B /* TreeTwo */ = {
			isa = PBXNativeTarget;
			buildConfigurationList = 1F1D94611FE11C70005C302B /* Build configuration list for PBXNativeTarget "TreeTwo" */;
			buildPhases = (
				1F1D94591FE11C70005C302B /* Sources */,
				1F1D945A1FE11C70005C302B /* Frameworks */,
				1F1D945B1FE11C70005C302B /* CopyFiles */,
			);
			buildRules = (
			);
			dependencies = (
			);
			name = TreeTwo;
			productName = TreeTwo;
			productReference = 1F1D945D1FE11C70005C302B /* TreeTwo */;
			productType = "com.apple.product-type.tool";
		};
		1F27BE431FA7561A00D64F09 /* insertionSort */ = {
			isa = PBXNativeTarget;
			buildConfigurationList = 1F27BE4A1FA7561A00D64F09 /* Build configuration list for PBXNativeTarget "insertionSort" */;
			buildPhases = (
				1F27BE401FA7561A00D64F09 /* Sources */,
				1F27BE411FA7561A00D64F09 /* Frameworks */,
				1F27BE421FA7561A00D64F09 /* CopyFiles */,
			);
			buildRules = (
			);
			dependencies = (
			);
			name = insertionSort;
			productName = insertionSort;
			productReference = 1F27BE441FA7561A00D64F09 /* insertionSort */;
			productType = "com.apple.product-type.tool";
		};
		1F3F8AA61FA85BBC00C42513 /* BinarySort */ = {
			isa = PBXNativeTarget;
			buildConfigurationList = 1F3F8AAB1FA85BBC00C42513 /* Build configuration list for PBXNativeTarget "BinarySort" */;
			buildPhases = (
				1F3F8AA31FA85BBC00C42513 /* Sources */,
				1F3F8AA41FA85BBC00C42513 /* Frameworks */,
				1F3F8AA51FA85BBC00C42513 /* CopyFiles */,
			);
			buildRules = (
			);
			dependencies = (
			);
			name = BinarySort;
			productName = BinarySort;
			productReference = 1F3F8AA71FA85BBC00C42513 /* BinarySort */;
			productType = "com.apple.product-type.tool";
		};
		1F3F8AF81FA8703700C42513 /* BinarySearchTree */ = {
			isa = PBXNativeTarget;
			buildConfigurationList = 1F3F8AFD1FA8703700C42513 /* Build configuration list for PBXNativeTarget "BinarySearchTree" */;
			buildPhases = (
				1F3F8AF51FA8703700C42513 /* Sources */,
				1F3F8AF61FA8703700C42513 /* Frameworks */,
				1F3F8AF71FA8703700C42513 /* CopyFiles */,
			);
			buildRules = (
			);
			dependencies = (
			);
			name = BinarySearchTree;
			productName = BinarySearchTree;
			productReference = 1F3F8AF91FA8703700C42513 /* BinarySearchTree */;
			productType = "com.apple.product-type.tool";
		};
		1F4DA678206296D900155722 /* StackFour */ = {
			isa = PBXNativeTarget;
			buildConfigurationList = 1F4DA67D206296D900155722 /* Build configuration list for PBXNativeTarget "StackFour" */;
			buildPhases = (
				1F4DA675206296D900155722 /* Sources */,
				1F4DA676206296D900155722 /* Frameworks */,
				1F4DA677206296D900155722 /* CopyFiles */,
			);
			buildRules = (
			);
			dependencies = (
			);
			name = StackFour;
			productName = StackFour;
			productReference = 1F4DA679206296D900155722 /* StackFour */;
			productType = "com.apple.product-type.tool";
		};
		1F8C163C2063DD0700EFF1E1 /* QueueFour */ = {
			isa = PBXNativeTarget;
			buildConfigurationList = 1F8C16432063DD0700EFF1E1 /* Build configuration list for PBXNativeTarget "QueueFour" */;
			buildPhases = (
				1F8C16392063DD0700EFF1E1 /* Sources */,
				1F8C163A2063DD0700EFF1E1 /* Frameworks */,
				1F8C163B2063DD0700EFF1E1 /* CopyFiles */,
			);
			buildRules = (
			);
			dependencies = (
			);
			name = QueueFour;
			productName = QueueFour;
			productReference = 1F8C163D2063DD0700EFF1E1 /* QueueFour */;
			productType = "com.apple.product-type.tool";
		};
		1F9990E91FDFFE8E00191775 /* StackTwo */ = {
			isa = PBXNativeTarget;
			buildConfigurationList = 1F9990F01FDFFE8E00191775 /* Build configuration list for PBXNativeTarget "StackTwo" */;
			buildPhases = (
				1F9990E61FDFFE8E00191775 /* Sources */,
				1F9990E71FDFFE8E00191775 /* Frameworks */,
				1F9990E81FDFFE8E00191775 /* CopyFiles */,
			);
			buildRules = (
			);
			dependencies = (
			);
			name = StackTwo;
			productName = StackTwo;
			productReference = 1F9990EA1FDFFE8E00191775 /* StackTwo */;
			productType = "com.apple.product-type.tool";
		};
		1F9990F61FE0020D00191775 /* QueueTwo */ = {
			isa = PBXNativeTarget;
			buildConfigurationList = 1F9990FB1FE0020D00191775 /* Build configuration list for PBXNativeTarget "QueueTwo" */;
			buildPhases = (
				1F9990F31FE0020D00191775 /* Sources */,
				1F9990F41FE0020D00191775 /* Frameworks */,
				1F9990F51FE0020D00191775 /* CopyFiles */,
			);
			buildRules = (
			);
			dependencies = (
			);
			name = QueueTwo;
			productName = QueueTwo;
			productReference = 1F9990F71FE0020D00191775 /* QueueTwo */;
			productType = "com.apple.product-type.tool";
		};
		1F9991031FE009C500191775 /* SortTwo */ = {
			isa = PBXNativeTarget;
			buildConfigurationList = 1F9991081FE009C500191775 /* Build configuration list for PBXNativeTarget "SortTwo" */;
			buildPhases = (
				1F9991001FE009C500191775 /* Sources */,
				1F9991011FE009C500191775 /* Frameworks */,
				1F9991021FE009C500191775 /* CopyFiles */,
			);
			buildRules = (
			);
			dependencies = (
			);
			name = SortTwo;
			productName = SortTwo;
			productReference = 1F9991041FE009C500191775 /* SortTwo */;
			productType = "com.apple.product-type.tool";
		};
		1FABBEEA1F9DD66600F18754 /* Queue */ = {
			isa = PBXNativeTarget;
			buildConfigurationList = 1FABBEF11F9DD66600F18754 /* Build configuration list for PBXNativeTarget "Queue" */;
			buildPhases = (
				1FABBEE71F9DD66600F18754 /* Sources */,
				1FABBEE81F9DD66600F18754 /* Frameworks */,
				1FABBEE91F9DD66600F18754 /* CopyFiles */,
			);
			buildRules = (
			);
			dependencies = (
			);
			name = Queue;
			productName = Queue;
			productReference = 1FABBEEB1F9DD66600F18754 /* Queue */;
			productType = "com.apple.product-type.tool";
		};
		1FD532EB1F7A8F5800A92F9B /* swift-algorithm-practice */ = {
			isa = PBXNativeTarget;
			buildConfigurationList = 1FD532F31F7A8F5800A92F9B /* Build configuration list for PBXNativeTarget "swift-algorithm-practice" */;
			buildPhases = (
				1FD532E81F7A8F5800A92F9B /* Sources */,
				1FD532E91F7A8F5800A92F9B /* Frameworks */,
				1FD532EA1F7A8F5800A92F9B /* CopyFiles */,
			);
			buildRules = (
			);
			dependencies = (
			);
			name = "swift-algorithm-practice";
			productName = "swift-algorithm-practice";
			productReference = 1FD532EC1F7A8F5800A92F9B /* swift-algorithm-practice */;
			productType = "com.apple.product-type.tool";
		};
/* End PBXNativeTarget section */

/* Begin PBXProject section */
		1FD532E41F7A8F5800A92F9B /* Project object */ = {
			isa = PBXProject;
			attributes = {
				LastSwiftUpdateCheck = 0920;
				LastUpgradeCheck = 0900;
				ORGANIZATIONNAME = "李仁强";
				TargetAttributes = {
					1F1A76F41FEBA194003437FD = {
						CreatedOnToolsVersion = 9.2;
						ProvisioningStyle = Automatic;
					};
					1F1D94511FE11228005C302B = {
						CreatedOnToolsVersion = 9.2;
						ProvisioningStyle = Automatic;
					};
					1F1D945C1FE11C70005C302B = {
						CreatedOnToolsVersion = 9.2;
						ProvisioningStyle = Automatic;
					};
					1F27BE431FA7561A00D64F09 = {
						CreatedOnToolsVersion = 9.0;
						ProvisioningStyle = Automatic;
					};
					1F3F8AA61FA85BBC00C42513 = {
						CreatedOnToolsVersion = 9.0;
						ProvisioningStyle = Automatic;
					};
					1F3F8AF81FA8703700C42513 = {
						CreatedOnToolsVersion = 9.0;
						ProvisioningStyle = Automatic;
					};
					1F4DA678206296D900155722 = {
						CreatedOnToolsVersion = 9.2;
						ProvisioningStyle = Automatic;
					};
					1F8C163C2063DD0700EFF1E1 = {
						CreatedOnToolsVersion = 9.2;
						ProvisioningStyle = Automatic;
					};
					1F9990E91FDFFE8E00191775 = {
						CreatedOnToolsVersion = 9.2;
						ProvisioningStyle = Automatic;
					};
					1F9990F61FE0020D00191775 = {
						CreatedOnToolsVersion = 9.2;
						ProvisioningStyle = Automatic;
					};
					1F9991031FE009C500191775 = {
						CreatedOnToolsVersion = 9.2;
						ProvisioningStyle = Automatic;
					};
					1FABBEEA1F9DD66600F18754 = {
						CreatedOnToolsVersion = 9.0;
						ProvisioningStyle = Automatic;
					};
					1FD532EB1F7A8F5800A92F9B = {
						CreatedOnToolsVersion = 9.0;
					};
				};
			};
			buildConfigurationList = 1FD532E71F7A8F5800A92F9B /* Build configuration list for PBXProject "swift-algorithm-practice" */;
			compatibilityVersion = "Xcode 8.0";
			developmentRegion = en;
			hasScannedForEncodings = 0;
			knownRegions = (
				en,
			);
			mainGroup = 1FD532E31F7A8F5800A92F9B;
			productRefGroup = 1FD532ED1F7A8F5800A92F9B /* Products */;
			projectDirPath = "";
			projectRoot = "";
			targets = (
				1FD532EB1F7A8F5800A92F9B /* swift-algorithm-practice */,
				1FABBEEA1F9DD66600F18754 /* Queue */,
				1F27BE431FA7561A00D64F09 /* insertionSort */,
				1F3F8AA61FA85BBC00C42513 /* BinarySort */,
				1F3F8AF81FA8703700C42513 /* BinarySearchTree */,
				1F9990E91FDFFE8E00191775 /* StackTwo */,
				1F9990F61FE0020D00191775 /* QueueTwo */,
				1F9991031FE009C500191775 /* SortTwo */,
				1F1D94511FE11228005C302B /* BinarySearchTwo */,
				1F1D945C1FE11C70005C302B /* TreeTwo */,
				1F1A76F41FEBA194003437FD /* BinarySearchTreeTwo */,
				1F4DA678206296D900155722 /* StackFour */,
				1F8C163C2063DD0700EFF1E1 /* QueueFour */,
			);
		};
/* End PBXProject section */

/* Begin PBXSourcesBuildPhase section */
		1F1A76F11FEBA194003437FD /* Sources */ = {
			isa = PBXSourcesBuildPhase;
			buildActionMask = 2147483647;
			files = (
				1F1A76FD1FEBA1CD003437FD /* BinarySearchTree.swift in Sources */,
				1F1A76F81FEBA194003437FD /* main.swift in Sources */,
			);
			runOnlyForDeploymentPostprocessing = 0;
		};
		1F1D944E1FE11228005C302B /* Sources */ = {
			isa = PBXSourcesBuildPhase;
			buildActionMask = 2147483647;
			files = (
				1F1D94551FE11228005C302B /* main.swift in Sources */,
			);
			runOnlyForDeploymentPostprocessing = 0;
		};
		1F1D94591FE11C70005C302B /* Sources */ = {
			isa = PBXSourcesBuildPhase;
			buildActionMask = 2147483647;
			files = (
				1F1D94601FE11C70005C302B /* main.swift in Sources */,
			);
			runOnlyForDeploymentPostprocessing = 0;
		};
		1F27BE401FA7561A00D64F09 /* Sources */ = {
			isa = PBXSourcesBuildPhase;
			buildActionMask = 2147483647;
			files = (
				1F27BE471FA7561A00D64F09 /* main.swift in Sources */,
			);
			runOnlyForDeploymentPostprocessing = 0;
		};
		1F3F8AA31FA85BBC00C42513 /* Sources */ = {
			isa = PBXSourcesBuildPhase;
			buildActionMask = 2147483647;
			files = (
				1F3F8AAA1FA85BBC00C42513 /* main.swift in Sources */,
			);
			runOnlyForDeploymentPostprocessing = 0;
		};
		1F3F8AF51FA8703700C42513 /* Sources */ = {
			isa = PBXSourcesBuildPhase;
			buildActionMask = 2147483647;
			files = (
				1F3F8AFC1FA8703700C42513 /* main.swift in Sources */,
				1F3F8B011FA8704600C42513 /* Node.swift in Sources */,
				1F3F8B031FA891FD00C42513 /* BinarySearchTree.swift in Sources */,
			);
			runOnlyForDeploymentPostprocessing = 0;
		};
		1F4DA675206296D900155722 /* Sources */ = {
			isa = PBXSourcesBuildPhase;
			buildActionMask = 2147483647;
			files = (
				1F4DA6812062973300155722 /* Stack.swift in Sources */,
				1F4DA67C206296D900155722 /* main.swift in Sources */,
			);
			runOnlyForDeploymentPostprocessing = 0;
		};
		1F8C16392063DD0700EFF1E1 /* Sources */ = {
			isa = PBXSourcesBuildPhase;
			buildActionMask = 2147483647;
			files = (
				1F8C16402063DD0700EFF1E1 /* main.swift in Sources */,
				1F8C16452063DD1100EFF1E1 /* Queue.swift in Sources */,
			);
			runOnlyForDeploymentPostprocessing = 0;
		};
		1F9990E61FDFFE8E00191775 /* Sources */ = {
			isa = PBXSourcesBuildPhase;
			buildActionMask = 2147483647;
			files = (
				1F9990F21FDFFE9D00191775 /* Stack.swift in Sources */,
				1F9990ED1FDFFE8E00191775 /* main.swift in Sources */,
			);
			runOnlyForDeploymentPostprocessing = 0;
		};
		1F9990F31FE0020D00191775 /* Sources */ = {
			isa = PBXSourcesBuildPhase;
			buildActionMask = 2147483647;
			files = (
				1F9990FA1FE0020D00191775 /* main.swift in Sources */,
				1F9990FF1FE0021A00191775 /* Queue.swift in Sources */,
			);
			runOnlyForDeploymentPostprocessing = 0;
		};
		1F9991001FE009C500191775 /* Sources */ = {
			isa = PBXSourcesBuildPhase;
			buildActionMask = 2147483647;
			files = (
				1F9991071FE009C500191775 /* main.swift in Sources */,
			);
			runOnlyForDeploymentPostprocessing = 0;
		};
		1FABBEE71F9DD66600F18754 /* Sources */ = {
			isa = PBXSourcesBuildPhase;
			buildActionMask = 2147483647;
			files = (
				1FABBEEE1F9DD66600F18754 /* main.swift in Sources */,
				1FABBEF31F9DD67C00F18754 /* QueueSimple.swift in Sources */,
			);
			runOnlyForDeploymentPostprocessing = 0;
		};
		1FD532E81F7A8F5800A92F9B /* Sources */ = {
			isa = PBXSourcesBuildPhase;
			buildActionMask = 2147483647;
			files = (
				1FD532F71F7A922000A92F9B /* Stack.swift in Sources */,
				1FD532F01F7A8F5800A92F9B /* main.swift in Sources */,
			);
			runOnlyForDeploymentPostprocessing = 0;
		};
/* End PBXSourcesBuildPhase section */

/* Begin XCBuildConfiguration section */
		1F1A76FA1FEBA194003437FD /* Debug */ = {
			isa = XCBuildConfiguration;
			buildSettings = {
				CODE_SIGN_STYLE = Automatic;
				DEVELOPMENT_TEAM = B5G9R9WR6W;
				MACOSX_DEPLOYMENT_TARGET = 10.13;
				PRODUCT_NAME = "$(TARGET_NAME)";
				SWIFT_VERSION = 4.0;
			};
			name = Debug;
		};
		1F1A76FB1FEBA194003437FD /* Release */ = {
			isa = XCBuildConfiguration;
			buildSettings = {
				CODE_SIGN_STYLE = Automatic;
				DEVELOPMENT_TEAM = B5G9R9WR6W;
				MACOSX_DEPLOYMENT_TARGET = 10.13;
				PRODUCT_NAME = "$(TARGET_NAME)";
				SWIFT_VERSION = 4.0;
			};
			name = Release;
		};
		1F1D94561FE11228005C302B /* Debug */ = {
			isa = XCBuildConfiguration;
			buildSettings = {
				CODE_SIGN_STYLE = Automatic;
				DEVELOPMENT_TEAM = B5G9R9WR6W;
				MACOSX_DEPLOYMENT_TARGET = 10.13;
				PRODUCT_NAME = "$(TARGET_NAME)";
				SWIFT_VERSION = 4.0;
			};
			name = Debug;
		};
		1F1D94571FE11228005C302B /* Release */ = {
			isa = XCBuildConfiguration;
			buildSettings = {
				CODE_SIGN_STYLE = Automatic;
				DEVELOPMENT_TEAM = B5G9R9WR6W;
				MACOSX_DEPLOYMENT_TARGET = 10.13;
				PRODUCT_NAME = "$(TARGET_NAME)";
				SWIFT_VERSION = 4.0;
			};
			name = Release;
		};
		1F1D94621FE11C70005C302B /* Debug */ = {
			isa = XCBuildConfiguration;
			buildSettings = {
				CODE_SIGN_STYLE = Automatic;
				DEVELOPMENT_TEAM = B5G9R9WR6W;
				MACOSX_DEPLOYMENT_TARGET = 10.13;
				PRODUCT_NAME = "$(TARGET_NAME)";
				SWIFT_VERSION = 4.0;
			};
			name = Debug;
		};
		1F1D94631FE11C70005C302B /* Release */ = {
			isa = XCBuildConfiguration;
			buildSettings = {
				CODE_SIGN_STYLE = Automatic;
				DEVELOPMENT_TEAM = B5G9R9WR6W;
				MACOSX_DEPLOYMENT_TARGET = 10.13;
				PRODUCT_NAME = "$(TARGET_NAME)";
				SWIFT_VERSION = 4.0;
			};
			name = Release;
		};
		1F27BE481FA7561A00D64F09 /* Debug */ = {
			isa = XCBuildConfiguration;
			buildSettings = {
				CODE_SIGN_STYLE = Automatic;
				DEVELOPMENT_TEAM = B5G9R9WR6W;
				MACOSX_DEPLOYMENT_TARGET = 10.13;
				PRODUCT_NAME = "$(TARGET_NAME)";
				SWIFT_VERSION = 4.0;
			};
			name = Debug;
		};
		1F27BE491FA7561A00D64F09 /* Release */ = {
			isa = XCBuildConfiguration;
			buildSettings = {
				CODE_SIGN_STYLE = Automatic;
				DEVELOPMENT_TEAM = B5G9R9WR6W;
				MACOSX_DEPLOYMENT_TARGET = 10.13;
				PRODUCT_NAME = "$(TARGET_NAME)";
				SWIFT_VERSION = 4.0;
			};
			name = Release;
		};
		1F3F8AAC1FA85BBC00C42513 /* Debug */ = {
			isa = XCBuildConfiguration;
			buildSettings = {
				CODE_SIGN_STYLE = Automatic;
				DEVELOPMENT_TEAM = B5G9R9WR6W;
				MACOSX_DEPLOYMENT_TARGET = 10.13;
				PRODUCT_NAME = "$(TARGET_NAME)";
				SWIFT_VERSION = 4.0;
			};
			name = Debug;
		};
		1F3F8AAD1FA85BBC00C42513 /* Release */ = {
			isa = XCBuildConfiguration;
			buildSettings = {
				CODE_SIGN_STYLE = Automatic;
				DEVELOPMENT_TEAM = B5G9R9WR6W;
				MACOSX_DEPLOYMENT_TARGET = 10.13;
				PRODUCT_NAME = "$(TARGET_NAME)";
				SWIFT_VERSION = 4.0;
			};
			name = Release;
		};
		1F3F8AFE1FA8703700C42513 /* Debug */ = {
			isa = XCBuildConfiguration;
			buildSettings = {
				CODE_SIGN_STYLE = Automatic;
				DEVELOPMENT_TEAM = B5G9R9WR6W;
				MACOSX_DEPLOYMENT_TARGET = 10.13;
				PRODUCT_NAME = "$(TARGET_NAME)";
				SWIFT_VERSION = 4.0;
			};
			name = Debug;
		};
		1F3F8AFF1FA8703700C42513 /* Release */ = {
			isa = XCBuildConfiguration;
			buildSettings = {
				CODE_SIGN_STYLE = Automatic;
				DEVELOPMENT_TEAM = B5G9R9WR6W;
				MACOSX_DEPLOYMENT_TARGET = 10.13;
				PRODUCT_NAME = "$(TARGET_NAME)";
				SWIFT_VERSION = 4.0;
			};
			name = Release;
		};
		1F4DA67E206296D900155722 /* Debug */ = {
			isa = XCBuildConfiguration;
			buildSettings = {
				CODE_SIGN_STYLE = Automatic;
				DEVELOPMENT_TEAM = B5G9R9WR6W;
				MACOSX_DEPLOYMENT_TARGET = 10.13;
				PRODUCT_NAME = "$(TARGET_NAME)";
				SWIFT_VERSION = 4.0;
			};
			name = Debug;
		};
		1F4DA67F206296D900155722 /* Release */ = {
			isa = XCBuildConfiguration;
			buildSettings = {
				CODE_SIGN_STYLE = Automatic;
				DEVELOPMENT_TEAM = B5G9R9WR6W;
				MACOSX_DEPLOYMENT_TARGET = 10.13;
				PRODUCT_NAME = "$(TARGET_NAME)";
				SWIFT_VERSION = 4.0;
			};
			name = Release;
		};
		1F8C16412063DD0700EFF1E1 /* Debug */ = {
			isa = XCBuildConfiguration;
			buildSettings = {
				CODE_SIGN_STYLE = Automatic;
				DEVELOPMENT_TEAM = B5G9R9WR6W;
				MACOSX_DEPLOYMENT_TARGET = 10.13;
				PRODUCT_NAME = "$(TARGET_NAME)";
				SWIFT_VERSION = 4.0;
			};
			name = Debug;
		};
		1F8C16422063DD0700EFF1E1 /* Release */ = {
			isa = XCBuildConfiguration;
			buildSettings = {
				CODE_SIGN_STYLE = Automatic;
				DEVELOPMENT_TEAM = B5G9R9WR6W;
				MACOSX_DEPLOYMENT_TARGET = 10.13;
				PRODUCT_NAME = "$(TARGET_NAME)";
				SWIFT_VERSION = 4.0;
			};
			name = Release;
		};
		1F9990EE1FDFFE8E00191775 /* Debug */ = {
			isa = XCBuildConfiguration;
			buildSettings = {
				CODE_SIGN_STYLE = Automatic;
				DEVELOPMENT_TEAM = B5G9R9WR6W;
				MACOSX_DEPLOYMENT_TARGET = 10.13;
				PRODUCT_NAME = "$(TARGET_NAME)";
				SWIFT_VERSION = 4.0;
			};
			name = Debug;
		};
		1F9990EF1FDFFE8E00191775 /* Release */ = {
			isa = XCBuildConfiguration;
			buildSettings = {
				CODE_SIGN_STYLE = Automatic;
				DEVELOPMENT_TEAM = B5G9R9WR6W;
				MACOSX_DEPLOYMENT_TARGET = 10.13;
				PRODUCT_NAME = "$(TARGET_NAME)";
				SWIFT_VERSION = 4.0;
			};
			name = Release;
		};
		1F9990FC1FE0020D00191775 /* Debug */ = {
			isa = XCBuildConfiguration;
			buildSettings = {
				CODE_SIGN_STYLE = Automatic;
				DEVELOPMENT_TEAM = B5G9R9WR6W;
				MACOSX_DEPLOYMENT_TARGET = 10.13;
				PRODUCT_NAME = "$(TARGET_NAME)";
				SWIFT_VERSION = 4.0;
			};
			name = Debug;
		};
		1F9990FD1FE0020D00191775 /* Release */ = {
			isa = XCBuildConfiguration;
			buildSettings = {
				CODE_SIGN_STYLE = Automatic;
				DEVELOPMENT_TEAM = B5G9R9WR6W;
				MACOSX_DEPLOYMENT_TARGET = 10.13;
				PRODUCT_NAME = "$(TARGET_NAME)";
				SWIFT_VERSION = 4.0;
			};
			name = Release;
		};
		1F9991091FE009C500191775 /* Debug */ = {
			isa = XCBuildConfiguration;
			buildSettings = {
				CODE_SIGN_STYLE = Automatic;
				DEVELOPMENT_TEAM = B5G9R9WR6W;
				MACOSX_DEPLOYMENT_TARGET = 10.13;
				PRODUCT_NAME = "$(TARGET_NAME)";
				SWIFT_VERSION = 4.0;
			};
			name = Debug;
		};
		1F99910A1FE009C500191775 /* Release */ = {
			isa = XCBuildConfiguration;
			buildSettings = {
				CODE_SIGN_STYLE = Automatic;
				DEVELOPMENT_TEAM = B5G9R9WR6W;
				MACOSX_DEPLOYMENT_TARGET = 10.13;
				PRODUCT_NAME = "$(TARGET_NAME)";
				SWIFT_VERSION = 4.0;
			};
			name = Release;
		};
		1FABBEEF1F9DD66600F18754 /* Debug */ = {
			isa = XCBuildConfiguration;
			buildSettings = {
				CODE_SIGN_STYLE = Automatic;
				DEVELOPMENT_TEAM = B5G9R9WR6W;
				PRODUCT_NAME = "$(TARGET_NAME)";
				SWIFT_VERSION = 4.0;
			};
			name = Debug;
		};
		1FABBEF01F9DD66600F18754 /* Release */ = {
			isa = XCBuildConfiguration;
			buildSettings = {
				CODE_SIGN_STYLE = Automatic;
				DEVELOPMENT_TEAM = B5G9R9WR6W;
				PRODUCT_NAME = "$(TARGET_NAME)";
				SWIFT_VERSION = 4.0;
			};
			name = Release;
		};
		1FD532F11F7A8F5800A92F9B /* Debug */ = {
			isa = XCBuildConfiguration;
			buildSettings = {
				ALWAYS_SEARCH_USER_PATHS = NO;
				CLANG_ANALYZER_NONNULL = YES;
				CLANG_ANALYZER_NUMBER_OBJECT_CONVERSION = YES_AGGRESSIVE;
				CLANG_CXX_LANGUAGE_STANDARD = "gnu++14";
				CLANG_CXX_LIBRARY = "libc++";
				CLANG_ENABLE_MODULES = YES;
				CLANG_ENABLE_OBJC_ARC = YES;
				CLANG_WARN_BLOCK_CAPTURE_AUTORELEASING = YES;
				CLANG_WARN_BOOL_CONVERSION = YES;
				CLANG_WARN_COMMA = YES;
				CLANG_WARN_CONSTANT_CONVERSION = YES;
				CLANG_WARN_DIRECT_OBJC_ISA_USAGE = YES_ERROR;
				CLANG_WARN_DOCUMENTATION_COMMENTS = YES;
				CLANG_WARN_EMPTY_BODY = YES;
				CLANG_WARN_ENUM_CONVERSION = YES;
				CLANG_WARN_INFINITE_RECURSION = YES;
				CLANG_WARN_INT_CONVERSION = YES;
				CLANG_WARN_NON_LITERAL_NULL_CONVERSION = YES;
				CLANG_WARN_OBJC_LITERAL_CONVERSION = YES;
				CLANG_WARN_OBJC_ROOT_CLASS = YES_ERROR;
				CLANG_WARN_RANGE_LOOP_ANALYSIS = YES;
				CLANG_WARN_STRICT_PROTOTYPES = YES;
				CLANG_WARN_SUSPICIOUS_MOVE = YES;
				CLANG_WARN_UNGUARDED_AVAILABILITY = YES_AGGRESSIVE;
				CLANG_WARN_UNREACHABLE_CODE = YES;
				CLANG_WARN__DUPLICATE_METHOD_MATCH = YES;
				CODE_SIGN_IDENTITY = "Mac Developer";
				COPY_PHASE_STRIP = NO;
				DEBUG_INFORMATION_FORMAT = dwarf;
				ENABLE_STRICT_OBJC_MSGSEND = YES;
				ENABLE_TESTABILITY = YES;
				GCC_C_LANGUAGE_STANDARD = gnu11;
				GCC_DYNAMIC_NO_PIC = NO;
				GCC_NO_COMMON_BLOCKS = YES;
				GCC_OPTIMIZATION_LEVEL = 0;
				GCC_PREPROCESSOR_DEFINITIONS = (
					"DEBUG=1",
					"$(inherited)",
				);
				GCC_WARN_64_TO_32_BIT_CONVERSION = YES;
				GCC_WARN_ABOUT_RETURN_TYPE = YES_ERROR;
				GCC_WARN_UNDECLARED_SELECTOR = YES;
				GCC_WARN_UNINITIALIZED_AUTOS = YES_AGGRESSIVE;
				GCC_WARN_UNUSED_FUNCTION = YES;
				GCC_WARN_UNUSED_VARIABLE = YES;
				MACOSX_DEPLOYMENT_TARGET = 10.12;
				MTL_ENABLE_DEBUG_INFO = YES;
				ONLY_ACTIVE_ARCH = YES;
				SDKROOT = macosx;
				SWIFT_ACTIVE_COMPILATION_CONDITIONS = DEBUG;
				SWIFT_OPTIMIZATION_LEVEL = "-Onone";
			};
			name = Debug;
		};
		1FD532F21F7A8F5800A92F9B /* Release */ = {
			isa = XCBuildConfiguration;
			buildSettings = {
				ALWAYS_SEARCH_USER_PATHS = NO;
				CLANG_ANALYZER_NONNULL = YES;
				CLANG_ANALYZER_NUMBER_OBJECT_CONVERSION = YES_AGGRESSIVE;
				CLANG_CXX_LANGUAGE_STANDARD = "gnu++14";
				CLANG_CXX_LIBRARY = "libc++";
				CLANG_ENABLE_MODULES = YES;
				CLANG_ENABLE_OBJC_ARC = YES;
				CLANG_WARN_BLOCK_CAPTURE_AUTORELEASING = YES;
				CLANG_WARN_BOOL_CONVERSION = YES;
				CLANG_WARN_COMMA = YES;
				CLANG_WARN_CONSTANT_CONVERSION = YES;
				CLANG_WARN_DIRECT_OBJC_ISA_USAGE = YES_ERROR;
				CLANG_WARN_DOCUMENTATION_COMMENTS = YES;
				CLANG_WARN_EMPTY_BODY = YES;
				CLANG_WARN_ENUM_CONVERSION = YES;
				CLANG_WARN_INFINITE_RECURSION = YES;
				CLANG_WARN_INT_CONVERSION = YES;
				CLANG_WARN_NON_LITERAL_NULL_CONVERSION = YES;
				CLANG_WARN_OBJC_LITERAL_CONVERSION = YES;
				CLANG_WARN_OBJC_ROOT_CLASS = YES_ERROR;
				CLANG_WARN_RANGE_LOOP_ANALYSIS = YES;
				CLANG_WARN_STRICT_PROTOTYPES = YES;
				CLANG_WARN_SUSPICIOUS_MOVE = YES;
				CLANG_WARN_UNGUARDED_AVAILABILITY = YES_AGGRESSIVE;
				CLANG_WARN_UNREACHABLE_CODE = YES;
				CLANG_WARN__DUPLICATE_METHOD_MATCH = YES;
				CODE_SIGN_IDENTITY = "Mac Developer";
				COPY_PHASE_STRIP = NO;
				DEBUG_INFORMATION_FORMAT = "dwarf-with-dsym";
				ENABLE_NS_ASSERTIONS = NO;
				ENABLE_STRICT_OBJC_MSGSEND = YES;
				GCC_C_LANGUAGE_STANDARD = gnu11;
				GCC_NO_COMMON_BLOCKS = YES;
				GCC_WARN_64_TO_32_BIT_CONVERSION = YES;
				GCC_WARN_ABOUT_RETURN_TYPE = YES_ERROR;
				GCC_WARN_UNDECLARED_SELECTOR = YES;
				GCC_WARN_UNINITIALIZED_AUTOS = YES_AGGRESSIVE;
				GCC_WARN_UNUSED_FUNCTION = YES;
				GCC_WARN_UNUSED_VARIABLE = YES;
				MACOSX_DEPLOYMENT_TARGET = 10.12;
				MTL_ENABLE_DEBUG_INFO = NO;
				SDKROOT = macosx;
				SWIFT_OPTIMIZATION_LEVEL = "-Owholemodule";
			};
			name = Release;
		};
		1FD532F41F7A8F5800A92F9B /* Debug */ = {
			isa = XCBuildConfiguration;
			buildSettings = {
				DEVELOPMENT_TEAM = B5G9R9WR6W;
				PRODUCT_NAME = "$(TARGET_NAME)";
				SWIFT_VERSION = 4.0;
			};
			name = Debug;
		};
		1FD532F51F7A8F5800A92F9B /* Release */ = {
			isa = XCBuildConfiguration;
			buildSettings = {
				DEVELOPMENT_TEAM = B5G9R9WR6W;
				PRODUCT_NAME = "$(TARGET_NAME)";
				SWIFT_VERSION = 4.0;
			};
			name = Release;
		};
/* End XCBuildConfiguration section */

/* Begin XCConfigurationList section */
		1F1A76F91FEBA194003437FD /* Build configuration list for PBXNativeTarget "BinarySearchTreeTwo" */ = {
			isa = XCConfigurationList;
			buildConfigurations = (
				1F1A76FA1FEBA194003437FD /* Debug */,
				1F1A76FB1FEBA194003437FD /* Release */,
			);
			defaultConfigurationIsVisible = 0;
			defaultConfigurationName = Release;
		};
		1F1D94581FE11228005C302B /* Build configuration list for PBXNativeTarget "BinarySearchTwo" */ = {
			isa = XCConfigurationList;
			buildConfigurations = (
				1F1D94561FE11228005C302B /* Debug */,
				1F1D94571FE11228005C302B /* Release */,
			);
			defaultConfigurationIsVisible = 0;
			defaultConfigurationName = Release;
		};
		1F1D94611FE11C70005C302B /* Build configuration list for PBXNativeTarget "TreeTwo" */ = {
			isa = XCConfigurationList;
			buildConfigurations = (
				1F1D94621FE11C70005C302B /* Debug */,
				1F1D94631FE11C70005C302B /* Release */,
			);
			defaultConfigurationIsVisible = 0;
			defaultConfigurationName = Release;
		};
		1F27BE4A1FA7561A00D64F09 /* Build configuration list for PBXNativeTarget "insertionSort" */ = {
			isa = XCConfigurationList;
			buildConfigurations = (
				1F27BE481FA7561A00D64F09 /* Debug */,
				1F27BE491FA7561A00D64F09 /* Release */,
			);
			defaultConfigurationIsVisible = 0;
			defaultConfigurationName = Release;
		};
		1F3F8AAB1FA85BBC00C42513 /* Build configuration list for PBXNativeTarget "BinarySort" */ = {
			isa = XCConfigurationList;
			buildConfigurations = (
				1F3F8AAC1FA85BBC00C42513 /* Debug */,
				1F3F8AAD1FA85BBC00C42513 /* Release */,
			);
			defaultConfigurationIsVisible = 0;
			defaultConfigurationName = Release;
		};
		1F3F8AFD1FA8703700C42513 /* Build configuration list for PBXNativeTarget "BinarySearchTree" */ = {
			isa = XCConfigurationList;
			buildConfigurations = (
				1F3F8AFE1FA8703700C42513 /* Debug */,
				1F3F8AFF1FA8703700C42513 /* Release */,
			);
			defaultConfigurationIsVisible = 0;
			defaultConfigurationName = Release;
		};
		1F4DA67D206296D900155722 /* Build configuration list for PBXNativeTarget "StackFour" */ = {
			isa = XCConfigurationList;
			buildConfigurations = (
				1F4DA67E206296D900155722 /* Debug */,
				1F4DA67F206296D900155722 /* Release */,
			);
			defaultConfigurationIsVisible = 0;
			defaultConfigurationName = Release;
		};
		1F8C16432063DD0700EFF1E1 /* Build configuration list for PBXNativeTarget "QueueFour" */ = {
			isa = XCConfigurationList;
			buildConfigurations = (
				1F8C16412063DD0700EFF1E1 /* Debug */,
				1F8C16422063DD0700EFF1E1 /* Release */,
			);
			defaultConfigurationIsVisible = 0;
			defaultConfigurationName = Release;
		};
		1F9990F01FDFFE8E00191775 /* Build configuration list for PBXNativeTarget "StackTwo" */ = {
			isa = XCConfigurationList;
			buildConfigurations = (
				1F9990EE1FDFFE8E00191775 /* Debug */,
				1F9990EF1FDFFE8E00191775 /* Release */,
			);
			defaultConfigurationIsVisible = 0;
			defaultConfigurationName = Release;
		};
		1F9990FB1FE0020D00191775 /* Build configuration list for PBXNativeTarget "QueueTwo" */ = {
			isa = XCConfigurationList;
			buildConfigurations = (
				1F9990FC1FE0020D00191775 /* Debug */,
				1F9990FD1FE0020D00191775 /* Release */,
			);
			defaultConfigurationIsVisible = 0;
			defaultConfigurationName = Release;
		};
		1F9991081FE009C500191775 /* Build configuration list for PBXNativeTarget "SortTwo" */ = {
			isa = XCConfigurationList;
			buildConfigurations = (
				1F9991091FE009C500191775 /* Debug */,
				1F99910A1FE009C500191775 /* Release */,
			);
			defaultConfigurationIsVisible = 0;
			defaultConfigurationName = Release;
		};
		1FABBEF11F9DD66600F18754 /* Build configuration list for PBXNativeTarget "Queue" */ = {
			isa = XCConfigurationList;
			buildConfigurations = (
				1FABBEEF1F9DD66600F18754 /* Debug */,
				1FABBEF01F9DD66600F18754 /* Release */,
			);
			defaultConfigurationIsVisible = 0;
			defaultConfigurationName = Release;
		};
		1FD532E71F7A8F5800A92F9B /* Build configuration list for PBXProject "swift-algorithm-practice" */ = {
			isa = XCConfigurationList;
			buildConfigurations = (
				1FD532F11F7A8F5800A92F9B /* Debug */,
				1FD532F21F7A8F5800A92F9B /* Release */,
			);
			defaultConfigurationIsVisible = 0;
			defaultConfigurationName = Release;
		};
		1FD532F31F7A8F5800A92F9B /* Build configuration list for PBXNativeTarget "swift-algorithm-practice" */ = {
			isa = XCConfigurationList;
			buildConfigurations = (
				1FD532F41F7A8F5800A92F9B /* Debug */,
				1FD532F51F7A8F5800A92F9B /* Release */,
			);
			defaultConfigurationIsVisible = 0;
			defaultConfigurationName = Release;
		};
/* End XCConfigurationList section */
	};
	rootObject = 1FD532E41F7A8F5800A92F9B /* Project object */;
}
